[[package]]
category = "main"
description = "Python 3.4 Enum backported to 3.3, 3.2, 3.1, 2.7, 2.6, 2.5, and 2.4"
name = "enum34"
optional = false
python-versions = "*"
version = "1.1.6"

[[package]]
category = "main"
description = "Backport of the concurrent.futures package from Python 3.2"
name = "futures"
optional = false
python-versions = "*"
version = "3.1.1"

[[package]]
category = "main"
description = "HTTP/2-based RPC framework"
name = "grpcio"
optional = false
python-versions = "*"
version = "1.19.0"

[package.dependencies]
enum34 = ">=1.0.4"
futures = ">=2.2.0"
six = ">=1.5.2"

[[package]]
category = "main"
description = "Protobuf code generator for gRPC"
name = "grpcio-tools"
optional = false
python-versions = "*"
version = "1.19.0"

[package.dependencies]
grpcio = ">=1.19.0"
protobuf = ">=3.5.0.post1"

[[package]]
category = "main"
description = "NumPy is the fundamental package for array computing with Python."
name = "numpy"
optional = false
python-versions = ">=2.7,!=3.0.*,!=3.1.*,!=3.2.*,!=3.3.*"
version = "1.16.2"

[[package]]
category = "main"
description = "Wrapper package for OpenCV python bindings."
name = "opencv-python"
optional = false
python-versions = "*"
version = "4.0.0.21"

[package.dependencies]
numpy = ">=1.14.5"

[[package]]
category = "main"
description = "Protocol Buffers"
name = "protobuf"
optional = false
python-versions = "*"
version = "3.7.0"

[package.dependencies]
setuptools = "*"
six = ">=1.9"

[[package]]
category = "main"
description = "Add .env support to your django/flask apps in development and deployments"
name = "python-dotenv"
optional = false
python-versions = "*"
version = "0.10.1"

[package.extras]
cli = ["click (>=5.0)"]

[[package]]
category = "main"
description = "Python 2 and 3 compatibility utilities"
name = "six"
optional = false
python-versions = ">=2.6, !=3.0.*, !=3.1.*"
version = "1.12.0"

[metadata]
content-hash = "d8e65024aaf52cd534f76ccccfcbe914960fc694c873fe071affbf431c42f695"
python-versions = "^3.7"

[metadata.hashes]
enum34 = ["2d81cbbe0e73112bdfe6ef8576f2238f2ba27dd0d55752a776c41d38b7da2850", "644837f692e5f550741432dd3f223bbb9852018674981b1664e5dc339387588a", "6bd0f6ad48ec2aa117d3d141940d484deccda84d4fcd884f5c3d93c23ecd8c79", "8ad8c4783bf61ded74527bffb48ed9b54166685e4230386a9ed9b1279e2df5b1"]
futures = ["51ecb45f0add83c806c68e4b06106f90db260585b25ef2abfcda0bd95c0132fd", "c4884a65654a7c45435063e14ae85280eb1f111d94e542396717ba9828c4337f"]
grpcio = ["07c7f7b251b26ef94e29d2c19245e34d4d05897325a289b31de3b6a5e16fbd6c", "2ddbca16c2e7b3f2ffc6e34c7cfa6886fb01de9f156ad3f77b72ad652d632097", "30d84f9684b4c81ee37906bb303a84435948c2dd3db55d3ef38f8daf28bc6ea3", "316e6c79fb1585b23ae100ee26f6ffefa91a21e4d39588fa42efadd7f20c7225", "400abff9a772351fff72d5698c8758b837bec3d7f4ed93de70bae744d8f63f53", "4ed90a256f6f8690b5c95b9d4f2e9fe6513628f3674e9068e10637e50c2f93d6", "51fd87ff610ca2f483c668c3fa7f70d479bffb3c14805d2065b51194edea5e26", "5569aba69041530e04eff3d40536027db8851f4e11e6282849b9fc5b1855075d", "566b752e36cdcd5a4d38f292aca4c8e3095f13cfe82606e010d67749cacba341", "5817f970fbfed72a6203ff96349e796d8f6ff3ce85b58af241c4a14190d9f4d1", "5a97bb5a4af16f840f1211dbe66d61592f02110f286d96e67bf6006d7f96aab7", "5d57e41c913152b215eda070955b3544bdf20ed2327e5e5eed3005186220ebd0", "6cec17145978cef3d20093cdc05e88da597ce05076db566a66a35b9c55d416a3", "6ef7ab9b6ba09ce087ddb3b27f12504f50efdbf5d319b8b23173478765452301", "756c0d65e4ebce1c47787dbb48955864f2a768e1df76902f33d3e4062c209f3e", "828d13f0edd27f452af7fc23093c8a2d63d8fbd92595dbd0f698c78b13af9bdb", "8cf02c4e07520be61ad8b59b0043771ef2af666cb73066516eabfee562a28df4", "919dfe84d22ce2e2ae81d82238586d7c2a86714fb0b6cf9b437e336851e3c32d", "b04a061280b06cdc4e68c4147a0f46b98c395cf62f0c6df4fa2a30a083cdc333", "b2dbe7d2f9685bdbb4415f8e475dd96b1b1776193b7286705f90490c3f039037", "b60df7cbc3e77c39d5befe6a1e6e4213f3ca683d743ff7c1622b1d4412245a55", "b740681332b5a042b9e22246a3cdbfc3d644cf73d38e117f20ad9d8deab8f1a5", "ba434873945d5d4542589674cb60c43a1cf76b2b5f0c0f759aa76d499055722f", "bcb44cd53beccc92c730254ad3d50715b67a7432e693961b566d982f759b1787", "be1cbb6cad1d4242e3aaa4143eabcfbf383358f6c8e9951be2c497b65561b075", "c4e38326fcab5c52fd1a8c8e0f908bfe830629a5ffc60793ec5545ef913d62d2", "d03c0524d5953568f74269e0faebb1e880ba9f36ca8c773be397087c35bd8188", "ea897ffa80276565acdd92349ef82a768db0e3327aacd4aec82f79ca10989689", "edc50e8bcd10b165f34c3cf3e1d4f97e9c71b165b85a85b91cf3444000a17692", "f96a2e97df522b50da9cb3795f08199b110ceab4146bf70ea7f6a3a0213786cc", "fadb649a69e3b08e01f090c24f0c8cccc122e92c362c1a1727b695a63be8416b", "fbe4360ff1689a9753cbf1b27dad11e683d39117a32a64372a7c95c6abc81b81"]
grpcio-tools = ["040c0d676fbc7ec5d9062c530ec951e3e3f10f65a94a4a6e2b2b57acf90fe379", "057213e04ced118f8a5701aa471431bd190f82609120cebc1b1126e6906c956a", "208d941fb4f4dd436be2e3ff7bcf1b452c723dfde242df75189bfdfca34c47b0", "217f799c345cbd5161685579cccae296281ffbea73b5b972952b9d5f23c51e7a", "245218a504ffdc068fd9d304e7552ab3057d5290c98bd4e22a6b668a7e89d800", "26f98078eedd7296e0e813d7485b7f4a48893891cdfffc174af0fbabb29cb600", "29b224c3abfc3a52bd2897a8e8c0def1fb9c0c9683de806e8de15c491fedc268", "2f3a16dd9a18de82a909c724a206459bc05c0f490847b82c2fff9b94d6b7d189", "347fba595e4c131f86710fd7c86fbd773cada961f38f815a8a28aaffe0e7ba92", "35302b2efcbc7c080c3bbf8819c95f4f7b0afaf34add3a682a4eb42a6e978a38", "4539a4852f51cb771a245b58e04c5e4d98416a9b221a462a551503ec847ce43b", "49e81498905b6eb0d0cad46b6981d1a7db7914f0aa685a50dc1ef01460285d89", "59bbcad83934a7b5c9eac854b027a2eb98b8ab6c67b33abc165d085d1c776b05", "676ca52939a5eb536b46785019bc2d7450ffb2cf98d1cc7285ac6514472e1348", "7624232ee8e9673138880f6c3cf63bbc96160824b0ef37f794614baa41900fe0", "7c807846b1f5829f7e9dfa8b59c114ac7d003fc7fc32340ec9eea11c6a85105a", "7f1da60259ddf090e5f91102c70c91637ce4ec08177087b32bd4eac4a9b8d706", "84860466dbd1462f1eca6f2ef8f0199c2b078c58ac5e457b1aef64bc1ef1e330", "982635e947aafbbc89c9771ae5265b538b63dccb71f9d704162cb9b2d96f3237", "98a54853f0d549cad8e67d115dab7689666836a3299a1da7f5efa160d068f6ef", "9ff3f693adb4901d40312ec88d2081cb4bd6014d7fb06b178efd47511977fb55", "a3808cdd8aa13ea92b2e1b9d7ae1f0fc79fc051c86d5a42e5c748c8baa354aa1", "a861c6fc3597ea74c5355b97a5b0b3ec09858eb908f7bb85e73f76aadb614e6a", "becfdef8f58363792239c1aa2a448b87d038e11bf07089c6afb6305e6a8603a6", "c533776e706c742da0aadcf98b482edafae3e9a14bb3f65d263c332c606c0604", "cb931e4efa6056bd2be9d4f6b69d6ba6786063fa6c9425647f3d25b12b927fe9", "d0edca5baa2397e8516443c6c619a50e84dd3cae65c43c4b0d975e07c0a84d3f", "da66ebde4152c50242ebf1423e623099e158b893748824eaf626fa4d4f2da60a", "df124b64e6ab6dc52429a1b0afdf2d7e46e3a2e6b860966a872802d3b418151e", "e9db0092d0a5974766f432b511aca576a35c4fb40edff16adf26d8129ab08016", "f929c32403bd686c0e60bd9daa09e5b5dde9289e197a916dc79fde8ea8881976", "fb8b7d63cbb931cbc46064405519b688ef42a235fb94db95f2d94d761e39dd19"]
numpy = ["1980f8d84548d74921685f68096911585fee393975f53797614b34d4f409b6da", "22752cd809272671b273bb86df0f505f505a12368a3a5fc0aa811c7ece4dfd5c", "23cc40313036cffd5d1873ef3ce2e949bdee0646c5d6f375bf7ee4f368db2511", "2b0b118ff547fecabc247a2668f48f48b3b1f7d63676ebc5be7352a5fd9e85a5", "3a0bd1edf64f6a911427b608a894111f9fcdb25284f724016f34a84c9a3a6ea9", "3f25f6c7b0d000017e5ac55977a3999b0b1a74491eacb3c1aa716f0e01f6dcd1", "4061c79ac2230594a7419151028e808239450e676c39e58302ad296232e3c2e8", "560ceaa24f971ab37dede7ba030fc5d8fa173305d94365f814d9523ffd5d5916", "62be044cd58da2a947b7e7b2252a10b42920df9520fc3d39f5c4c70d5460b8ba", "6c692e3879dde0b67a9dc78f9bfb6f61c666b4562fd8619632d7043fb5b691b0", "6f65e37b5a331df950ef6ff03bd4136b3c0bbcf44d4b8e99135d68a537711b5a", "7a78cc4ddb253a55971115f8320a7ce28fd23a065fc33166d601f51760eecfa9", "80a41edf64a3626e729a62df7dd278474fc1726836552b67a8c6396fd7e86760", "893f4d75255f25a7b8516feb5766c6b63c54780323b9bd4bc51cdd7efc943c73", "972ea92f9c1b54cc1c1a3d8508e326c0114aaf0f34996772a30f3f52b73b942f", "9f1d4865436f794accdabadc57a8395bd3faa755449b4f65b88b7df65ae05f89", "9f4cd7832b35e736b739be03b55875706c8c3e5fe334a06210f1a61e5c2c8ca5", "adab43bf657488300d3aeeb8030d7f024fcc86e3a9b8848741ea2ea903e56610", "bd2834d496ba9b1bdda3a6cf3de4dc0d4a0e7be306335940402ec95132ad063d", "d20c0360940f30003a23c0adae2fe50a0a04f3e48dc05c298493b51fd6280197", "d3b3ed87061d2314ff3659bb73896e622252da52558f2380f12c421fbdee3d89", "dc235bf29a406dfda5790d01b998a1c01d7d37f449128c0b1b7d1c89a84fae8b", "fb3c83554f39f48f3fa3123b9c24aecf681b1c289f9334f8215c1d3c8e2f6e5b"]
opencv-python = ["01ed8f83c1bc804995120825c729af9926bcc1dedbe85316ba4b5f81ed5e7287", "4d79b43434bef9ccb9921138d00c7f7d5dc8079cffe5d3765287e5b8275e0386", "51b32439bd85dcc3f520ef9de777f2c694b846d1d4344321e7bf090bffa62dc3", "55b8bd89a176cb0819b65d9df65900a6e4e95919579dedc34e10eaaf46c0f6a2", "5b6afc7f74e28c09f78886f0cffa67efc2b46542e439f0a045020a954c69e829", "6f8ec97c537b408d99d2cfbc9e929054e0bdecadda4c224ec2b21e18fcf48a06", "70012caadf2018575f15330bcf1d7659d0231580de5c146178154e420e9bef66", "7066dbceb01bd721515a583cc64485c594293a574d6b0925aca341c2accae520", "81cc092cade08093eeb48f2cdf8c1a1d5e0cc90d197403a721f6935f71d75e61", "8ecf3e50d7c5de510b71f5af33017a99b8bd476fbb70f464f6cc76a81bd2ff60", "97d2d77e0955404cf61d9a62e85bd8718108b11fc5a69d542bd7a7e2eb30990d", "98f12aff879895de6821289d538322d6b6d297ccfb71343056f3443f6d5c8c16", "9acea43d03440e7a0bd9a9ad599394382a529d49ec6995414797645acfc3e629", "a2e1bd69324e6d58b2c6932ca78c2ecb88dec8b2a3d31536e104623cafbc5b89", "a4feed61a55263a3af6bd17338a1712274c9dc775fe765ed706c706ab4a09ceb", "a72224ba58c7704ce8fc260ca65cfe7444d165362179f97d713234adc7f52b0e", "ae6f1aaa64d3b9a82792669e5be04d2544ce8c2e4a71ecfac09e0a4ed7b60908", "bfd358891a882cb08733e7edd1e76ea008520858de60cec185dce26530c0a36f", "c0d515ceb8231fa6565112d8c2490d2007656b7eb0c52d82b81708ac8412e426", "c86b42f12c602f815062f30c8583da702691a67920f5ea7607f1c796e6f153be", "d3c116b9502c657456fac22b3dad3be8701ef92f7ced2822a13121d167263057", "d477594c956dfbe6688323a9a06d5b3c6d3940c4b15bef7ce4f30d25f7837f1a", "d7626191eac985db4fda1db9cafb6428be614dd9ce3b6f5a83fdb93f1086980b", "db5632dfec289e69bddccbc39faf3cf1f5a840ed4ba3c1288ef3e21f68077722", "e50c73547a3e80d986db19b2cad3507bc7a5b4236f0071952aba80e0409c4806", "edbdded658021747a4235f178b91361d17b82031859db20731a963b8dafcab67", "f4afa2fd9d5c2ac25fc023babf6967f07e9143ce4fe73ebdcdc69a580f99b052"]
protobuf = ["03666634d038e35d90155756914bc3a6316e8bcc0d300f3ee539e586889436b9", "049d5900e442d4cc0fd2afd146786b429151e2b29adebed28e6376026ab0ee0b", "0eb9e62a48cc818b1719b5035042310c7e4f57b01f5283b32998c68c2f1c6a7c", "255d10c2c9059964f6ebb5c900a830fc8a089731dda94a5cc873f673193d208b", "358cc59e4e02a15d3725f204f2eb5777fc10595e2d9a9c4c8d82292f49af6d41", "41f1b737d5f97f1e2af23d16fac6c0b8572f9c7ea73054f1258ca57f4f97cb80", "4da3781eba8d3051d75b296d48154014c872e8a6323b8c207174cae49523b628", "6a5129576a2cf925cd100e06ead5f9ae4c86db70a854fb91cedb8d680112734a", "80722b0d56dcb7ca8f75f99d8dadd7c7efd0d2265714d68f871ed437c32d82b3", "88a960e949ec356f7016d84f8262dcff2b842fca5355b4c1be759f5c103b19b3", "97872686223f47d95e914881cb0ca46e1bc622562600043da9edddcb54f2fe1e", "a1df9d22433ab44b7c7e0bd33817134832ae8a8f3d93d9b9719fc032c5b20e96", "ad385fbb9754023d17be14dd5aa67efff07f43c5df7f93118aef3c20e635ea19", "b2d5ee7ba5c03b735c02e6ae75fd4ff8c831133e7ca078f2963408dc7beac428", "c8c07cd8635d45b28ec53ee695e5ac8b0f9d9a4ae488a8d8ee168fe8fc75ba43", "d44ebc9838b183e8237e7507885d52e8d08c48fdc953fd4a7ee3e56cb9d20977", "dff97b0ee9256f0afdfc9eaa430736cdcdc18899d9a666658f161afd137cf93d", "e47d248d614c68e4b029442de212bdd4f6ae02ae36821de319ae90314ea2578c", "e650b521b429fed3d525428b1401a40051097a5a92c30076c91f36b31717e087"]
python-dotenv = ["a84569d0e00d178bc5b957f7ff208bf49287cbf61857c31c258c4a91f571527b", "c9b1ddd3cdbe75c7d462cb84674d87130f4b948f090f02c7d7144779afb99ae0"]
six = ["3350809f0555b11f552448330d0b52d5f24c91a322ea4a15ef22629740f3761c", "d16a0141ec1a18405cd4ce8b4613101da75da0e9a7aec5bdd4fa804d0e0eba73"]
